PODS:
  - FlutterMacOS (1.0.0)
  - openworld_gl_macos (0.0.1):
    - FlutterMacOS
    - three3d_egl_osx (~> 0.1.1)
  - path_provider_foundation (0.0.1):
    - Flutter
    - FlutterMacOS
  - three3d_egl_osx (0.1.1)

DEPENDENCIES:
  - FlutterMacOS (from `Flutter/ephemeral`)
  - openworld_gl_macos (from `Flutter/ephemeral/.symlinks/plugins/openworld_gl_macos/macos`)
  - path_provider_foundation (from `Flutter/ephemeral/.symlinks/plugins/path_provider_foundation/darwin`)

SPEC REPOS:
  trunk:
    - three3d_egl_osx

EXTERNAL SOURCES:
  FlutterMacOS:
    :path: Flutter/ephemeral
  openworld_gl_macos:
    :path: Flutter/ephemeral/.symlinks/plugins/openworld_gl_macos/macos
  path_provider_foundation:
    :path: Flutter/ephemeral/.symlinks/plugins/path_provider_foundation/darwin

SPEC CHECKSUMS:
  FlutterMacOS: 8f6f14fa908a6fb3fba0cd85dbd81ec4b251fb24
  openworld_gl_macos: 593be45e1b7f3b31d540b8d02d5297017dc2323c
  path_provider_foundation: 2b6b4c569c0fb62ec74538f866245ac84301af46
  three3d_egl_osx: 5f0b1c41e6d687ac778b3d9900afd569c7f36424

PODFILE CHECKSUM: 236401fc2c932af29a9fcf0e97baeeb2d750d367

COCOAPODS: 1.15.2
